
Microsoft Visual Studio Solution File, Format Version 12.00
# Visual Studio Version 18
VisualStudioVersion = 18.5.11605.296 insiders
MinimumVisualStudioVersion = 10.0.40219.1
Project("{FAE04EC0-301F-11D3-BF4B-00C04F79EFBC}") = "HuntDate", "HuntBuddy\HuntDate.csproj", "{69CDED6C-0BD1-47F3-905C-3F87B0D20789}"
EndProject
Global
	GlobalSection(SolutionConfigurationPlatforms) = preSolution
		Debug|Any CPU = Debug|Any CPU
		Debug|x64 = Debug|x64
		Release|Any CPU = Release|Any CPU
		Release|x64 = Release|x64
	EndGlobalSection
	GlobalSection(ProjectConfigurationPlatforms) = postSolution
		{69CDED6C-0BD1-47F3-905C-3F87B0D20789}.Debug|Any CPU.ActiveCfg = Debug|Any CPU
		{69CDED6C-0BD1-47F3-905C-3F87B0D20789}.Debug|Any CPU.Build.0 = Debug|Any CPU
		{69CDED6C-0BD1-47F3-905C-3F87B0D20789}.Debug|x64.ActiveCfg = Debug|x64
		{69CDED6C-0BD1-47F3-905C-3F87B0D20789}.Debug|x64.Build.0 = Debug|x64
		{69CDED6C-0BD1-47F3-905C-3F87B0D20789}.Release|Any CPU.ActiveCfg = Release|Any CPU
		{69CDED6C-0BD1-47F3-905C-3F87B0D20789}.Release|Any CPU.Build.0 = Release|Any CPU
		{69CDED6C-0BD1-47F3-905C-3F87B0D20789}.Release|x64.ActiveCfg = Release|x64
		{69CDED6C-0BD1-47F3-905C-3F87B0D20789}.Release|x64.Build.0 = Release|x64
	EndGlobalSection
	GlobalSection(SolutionProperties) = preSolution
		HideSolutionNode = FALSE
	EndGlobalSection
EndGlobal
